# This file is automatically @generated by Cargo.
# It is not intended for manual editing.
version = 3

[[package]]
name = "argh"
version = "0.1.8"
source = "registry+https://github.com/rust-lang/crates.io-index"
checksum = "a7e7e4aa7e40747e023c0761dafcb42333a9517575bbf1241747f68dd3177a62"
dependencies = [
 "argh_derive",
 "argh_shared",
]

[[package]]
name = "argh_derive"
version = "0.1.8"
source = "registry+https://github.com/rust-lang/crates.io-index"
checksum = "69f2bd7ff6ed6414f4e5521bd509bae46454bbd513801767ced3f21a751ab4bc"
dependencies = [
 "argh_shared",
 "heck",
 "proc-macro2",
 "quote",
 "syn",
]

[[package]]
name = "argh_shared"
version = "0.1.8"
source = "registry+https://github.com/rust-lang/crates.io-index"
checksum = "47253b98986dafc7a3e1cf3259194f1f47ac61abb57a57f46ec09e48d004ecda"

[[package]]
name = "heck"
version = "0.3.3"
source = "registry+https://github.com/rust-lang/crates.io-index"
checksum = "6d621efb26863f0e9924c6ac577e8275e5e6b77455db64ffa6c65c904e9e132c"
dependencies = [
 "unicode-segmentation",
]

[[package]]
name = "proc-macro2"
version = "1.0.42"
source = "registry+https://github.com/rust-lang/crates.io-index"
checksum = "c278e965f1d8cf32d6e0e96de3d3e79712178ae67986d9cf9151f51e95aac89b"
dependencies = [
 "unicode-ident",
]

[[package]]
name = "quote"
version = "1.0.20"
source = "registry+https://github.com/rust-lang/crates.io-index"
checksum = "3bcdf212e9776fbcb2d23ab029360416bb1706b1aea2d1a5ba002727cbcab804"
dependencies = [
 "proc-macro2",
]

[[package]]
name = "rhino"
version = "0.1.0"
dependencies = [
 "argh",
]

[[package]]
name = "syn"
version = "1.0.98"
source = "registry+https://github.com/rust-lang/crates.io-index"
checksum = "c50aef8a904de4c23c788f104b7dddc7d6f79c647c7c8ce4cc8f73eb0ca773dd"
dependencies = [
 "proc-macro2",
 "quote",
 "unicode-ident",
]

[[package]]
name = "unicode-ident"
version = "1.0.2"
source = "registry+https://github.com/rust-lang/crates.io-index"
checksum = "15c61ba63f9235225a22310255a29b806b907c9b8c964bcbd0a2c70f3f2deea7"

[[package]]
name = "unicode-segmentation"
version = "1.9.0"
source = "registry+https://github.com/rust-lang/crates.io-index"
checksum = "7e8820f5d777f6224dc4be3632222971ac30164d4a258d595640799554ebfd99"
